{
  "name": "booootube",
  "version": "1.0.0",
  "lockfileVersion": 2,
  "requires": true,
  "packages": {
    "": {
      "name": "booootube",
      "version": "1.0.0",
      "license": "ISC",
      "dependencies": {
        "vips": "^1.0.0"
      },
      "engines": {
        "node": "16.x"
      }
    },
    "node_modules/vips": {
      "version": "1.0.0",
      "resolved": "https://registry.npmjs.org/vips/-/vips-1.0.0.tgz",
      "integrity": "sha512-pGAXIp15C8EgUwBiXAuGTeAqaQecTejiD2VjvDHMJLYOOlb8oWesNjxQAlVjoyoKNDA6DTKALw9AadJ82Xf09A=="
    }
  },
  "dependencies": {
    "vips": {
      "version": "1.0.0",
      "resolved": "https://registry.npmjs.org/vips/-/vips-1.0.0.tgz",
      "integrity": "sha512-pGAXIp15C8EgUwBiXAuGTeAqaQecTejiD2VjvDHMJLYOOlb8oWesNjxQAlVjoyoKNDA6DTKALw9AadJ82Xf09A=="
    }
  }
}
